
Microsoft Visual Studio Solution File, Format Version 12.00
# Visual Studio Version 17
VisualStudioVersion = 17.2.32616.157
MinimumVisualStudioVersion = 10.0.40219.1
Project("{2150E333-8FDC-42A3-9474-1A3956D46DE8}") = "src", "src", "{3EC59525-1D88-4251-BC33-0D94FA9C8C12}"
EndProject
Project("{2150E333-8FDC-42A3-9474-1A3956D46DE8}") = "Building Blocks", "Building Blocks", "{B74CCF44-95A4-46A0-8A5A-84283A525ADC}"
EndProject
Project("{2150E333-8FDC-42A3-9474-1A3956D46DE8}") = "Services", "Services", "{FD40343E-6002-448B-BBB5-E4F5CB4A61FD}"
EndProject
Project("{2150E333-8FDC-42A3-9474-1A3956D46DE8}") = "Web", "Web", "{6B168587-2F91-46C5-B92C-ED6F10BEF041}"
EndProject
Project("{2150E333-8FDC-42A3-9474-1A3956D46DE8}") = "Identidade", "Identidade", "{2606CF8F-FC34-4ACE-BCE6-B5C7C5CC59D1}"
EndProject
Project("{9A19103F-16F7-4668-BE54-9A1E7A4F7556}") = "NSE.Identidade.API", "src\services\NSE.Identidade.API\NSE.Identidade.API.csproj", "{B91022DC-D24F-4A04-9F9D-2267A657BAA2}"
EndProject
Project("{2150E333-8FDC-42A3-9474-1A3956D46DE8}") = "MVC", "MVC", "{072B2C02-DFCB-4814-A602-0340CA3A69D7}"
EndProject
Project("{9A19103F-16F7-4668-BE54-9A1E7A4F7556}") = "NSE.WebApp.MVC", "src\web\NSE.WebApp.MVC\NSE.WebApp.MVC.csproj", "{FE5292B0-DE90-41EF-BC69-C17DC1D89024}"
EndProject
Project("{2150E333-8FDC-42A3-9474-1A3956D46DE8}") = "Core", "Core", "{B025E423-448D-41EC-95D5-7945F842BF97}"
EndProject
Project("{9A19103F-16F7-4668-BE54-9A1E7A4F7556}") = "NSE.Core", "src\building blocks\NSE.Core\NSE.Core.csproj", "{04F745ED-1140-4F51-8070-313E16A5DB98}"
EndProject
Project("{2150E333-8FDC-42A3-9474-1A3956D46DE8}") = "Carrinho", "Carrinho", "{A294321D-106E-4F5E-9702-E7E68FC751B7}"
EndProject
Project("{2150E333-8FDC-42A3-9474-1A3956D46DE8}") = "Catalogo", "Catalogo", "{49A6F9C1-5874-47D6-B4B6-6FB510C84D0F}"
EndProject
Project("{2150E333-8FDC-42A3-9474-1A3956D46DE8}") = "Cliente", "Cliente", "{E4F4E366-588D-45A2-8704-60288918A28A}"
EndProject
Project("{2150E333-8FDC-42A3-9474-1A3956D46DE8}") = "Pagamento", "Pagamento", "{585A2F17-DBCB-499A-B116-7505C3D79A47}"
EndProject
Project("{2150E333-8FDC-42A3-9474-1A3956D46DE8}") = "Pedido", "Pedido", "{24705BD5-3335-41F6-A080-E0C003DDE3CC}"
EndProject
Project("{9A19103F-16F7-4668-BE54-9A1E7A4F7556}") = "NSE.Carrinho.API", "src\services\NSE.Carrinho.API\NSE.Carrinho.API.csproj", "{E778A289-BDE5-4324-8C29-687D4B3AB0AE}"
EndProject
Project("{9A19103F-16F7-4668-BE54-9A1E7A4F7556}") = "NSE.Catalogo.API", "src\services\NSE.Catalogo.API\NSE.Catalogo.API.csproj", "{6315E4AC-4E99-426F-9E24-7B05F3E96906}"
EndProject
Project("{2150E333-8FDC-42A3-9474-1A3956D46DE8}") = "Services", "Services", "{686E2009-04C2-4CCD-80E8-78DA7B968BA4}"
EndProject
Project("{9A19103F-16F7-4668-BE54-9A1E7A4F7556}") = "NSE.WebAPI.Core", "src\building blocks\NSE.WebAPI.Core\NSE.WebAPI.Core.csproj", "{B118C9B3-65B8-4BAA-9163-33EB73726742}"
EndProject
Project("{2150E333-8FDC-42A3-9474-1A3956D46DE8}") = "MessageBus", "MessageBus", "{772E6D2C-0547-41EC-B473-DDF01673A927}"
EndProject
Project("{9A19103F-16F7-4668-BE54-9A1E7A4F7556}") = "NSE.MessageBus", "src\building blocks\NSE.MessageBus\NSE.MessageBus.csproj", "{FAF6825F-FFB7-40F7-9F23-A55249558519}"
EndProject
Project("{9A19103F-16F7-4668-BE54-9A1E7A4F7556}") = "NSE.Clientes.API", "src\services\NSE.Clientes.API\NSE.Clientes.API.csproj", "{43EC25D3-4B35-4ED2-86EA-FCDEA0CBB4E6}"
EndProject
Project("{9A19103F-16F7-4668-BE54-9A1E7A4F7556}") = "NSE.Pagamentos.API", "src\services\NSE.Pagamentos.API\NSE.Pagamentos.API.csproj", "{374801B1-8269-4FDA-9C7E-DB5A2E0D3942}"
EndProject
Project("{9A19103F-16F7-4668-BE54-9A1E7A4F7556}") = "NSE.Pedidos.API", "src\services\NSE.Pedidos.API\NSE.Pedidos.API.csproj", "{5C7F7939-612B-4E43-AF5A-99753120C9E4}"
EndProject
Project("{2150E333-8FDC-42A3-9474-1A3956D46DE8}") = "ApiGateways", "ApiGateways", "{F7FF59ED-383B-47D5-8753-20C70CAC2CDC}"
EndProject
Project("{2150E333-8FDC-42A3-9474-1A3956D46DE8}") = "Compras", "Compras", "{A53D3CA9-474B-4DAC-B984-3C3B06E51D3E}"
EndProject
Project("{9A19103F-16F7-4668-BE54-9A1E7A4F7556}") = "NSE.Pedidos.Domain", "src\services\NSE.Pedidos.Domain\NSE.Pedidos.Domain.csproj", "{2EBAB346-C9F9-46CE-97C8-D8474F9753E5}"
EndProject
Project("{9A19103F-16F7-4668-BE54-9A1E7A4F7556}") = "NSE.Pedidos.Infra", "src\services\NSE.Pedidos.Infra\NSE.Pedidos.Infra.csproj", "{3DB81C9A-4CDF-4C53-B1A0-7117E08ED1FC}"
EndProject
Project("{9A19103F-16F7-4668-BE54-9A1E7A4F7556}") = "NSE.Bff.Compras", "src\api gateways\NSE.Bff.Compras\NSE.Bff.Compras.csproj", "{00BA3C26-28C9-4603-87F7-5CAD9672C23E}"
EndProject
Project("{FAE04EC0-301F-11D3-BF4B-00C04F79EFBC}") = "NSE.Pagamentos.NerdsPag", "src\services\NSE.Pagamentos.NerdsPag\NSE.Pagamentos.NerdsPag.csproj", "{367C0482-F6CA-491F-A0BC-07E7FB69D727}"
EndProject
Global
	GlobalSection(SolutionConfigurationPlatforms) = preSolution
		Debug|Any CPU = Debug|Any CPU
		Release|Any CPU = Release|Any CPU
	EndGlobalSection
	GlobalSection(ProjectConfigurationPlatforms) = postSolution
		{B91022DC-D24F-4A04-9F9D-2267A657BAA2}.Debug|Any CPU.ActiveCfg = Debug|Any CPU
		{B91022DC-D24F-4A04-9F9D-2267A657BAA2}.Debug|Any CPU.Build.0 = Debug|Any CPU
		{B91022DC-D24F-4A04-9F9D-2267A657BAA2}.Release|Any CPU.ActiveCfg = Release|Any CPU
		{B91022DC-D24F-4A04-9F9D-2267A657BAA2}.Release|Any CPU.Build.0 = Release|Any CPU
		{FE5292B0-DE90-41EF-BC69-C17DC1D89024}.Debug|Any CPU.ActiveCfg = Debug|Any CPU
		{FE5292B0-DE90-41EF-BC69-C17DC1D89024}.Debug|Any CPU.Build.0 = Debug|Any CPU
		{FE5292B0-DE90-41EF-BC69-C17DC1D89024}.Release|Any CPU.ActiveCfg = Release|Any CPU
		{FE5292B0-DE90-41EF-BC69-C17DC1D89024}.Release|Any CPU.Build.0 = Release|Any CPU
		{04F745ED-1140-4F51-8070-313E16A5DB98}.Debug|Any CPU.ActiveCfg = Debug|Any CPU
		{04F745ED-1140-4F51-8070-313E16A5DB98}.Debug|Any CPU.Build.0 = Debug|Any CPU
		{04F745ED-1140-4F51-8070-313E16A5DB98}.Release|Any CPU.ActiveCfg = Release|Any CPU
		{04F745ED-1140-4F51-8070-313E16A5DB98}.Release|Any CPU.Build.0 = Release|Any CPU
		{E778A289-BDE5-4324-8C29-687D4B3AB0AE}.Debug|Any CPU.ActiveCfg = Debug|Any CPU
		{E778A289-BDE5-4324-8C29-687D4B3AB0AE}.Debug|Any CPU.Build.0 = Debug|Any CPU
		{E778A289-BDE5-4324-8C29-687D4B3AB0AE}.Release|Any CPU.ActiveCfg = Release|Any CPU
		{E778A289-BDE5-4324-8C29-687D4B3AB0AE}.Release|Any CPU.Build.0 = Release|Any CPU
		{6315E4AC-4E99-426F-9E24-7B05F3E96906}.Debug|Any CPU.ActiveCfg = Debug|Any CPU
		{6315E4AC-4E99-426F-9E24-7B05F3E96906}.Debug|Any CPU.Build.0 = Debug|Any CPU
		{6315E4AC-4E99-426F-9E24-7B05F3E96906}.Release|Any CPU.ActiveCfg = Release|Any CPU
		{6315E4AC-4E99-426F-9E24-7B05F3E96906}.Release|Any CPU.Build.0 = Release|Any CPU
		{B118C9B3-65B8-4BAA-9163-33EB73726742}.Debug|Any CPU.ActiveCfg = Debug|Any CPU
		{B118C9B3-65B8-4BAA-9163-33EB73726742}.Debug|Any CPU.Build.0 = Debug|Any CPU
		{B118C9B3-65B8-4BAA-9163-33EB73726742}.Release|Any CPU.ActiveCfg = Release|Any CPU
		{B118C9B3-65B8-4BAA-9163-33EB73726742}.Release|Any CPU.Build.0 = Release|Any CPU
		{FAF6825F-FFB7-40F7-9F23-A55249558519}.Debug|Any CPU.ActiveCfg = Debug|Any CPU
		{FAF6825F-FFB7-40F7-9F23-A55249558519}.Debug|Any CPU.Build.0 = Debug|Any CPU
		{FAF6825F-FFB7-40F7-9F23-A55249558519}.Release|Any CPU.ActiveCfg = Release|Any CPU
		{FAF6825F-FFB7-40F7-9F23-A55249558519}.Release|Any CPU.Build.0 = Release|Any CPU
		{43EC25D3-4B35-4ED2-86EA-FCDEA0CBB4E6}.Debug|Any CPU.ActiveCfg = Debug|Any CPU
		{43EC25D3-4B35-4ED2-86EA-FCDEA0CBB4E6}.Debug|Any CPU.Build.0 = Debug|Any CPU
		{43EC25D3-4B35-4ED2-86EA-FCDEA0CBB4E6}.Release|Any CPU.ActiveCfg = Release|Any CPU
		{43EC25D3-4B35-4ED2-86EA-FCDEA0CBB4E6}.Release|Any CPU.Build.0 = Release|Any CPU
		{374801B1-8269-4FDA-9C7E-DB5A2E0D3942}.Debug|Any CPU.ActiveCfg = Debug|Any CPU
		{374801B1-8269-4FDA-9C7E-DB5A2E0D3942}.Debug|Any CPU.Build.0 = Debug|Any CPU
		{374801B1-8269-4FDA-9C7E-DB5A2E0D3942}.Release|Any CPU.ActiveCfg = Release|Any CPU
		{374801B1-8269-4FDA-9C7E-DB5A2E0D3942}.Release|Any CPU.Build.0 = Release|Any CPU
		{5C7F7939-612B-4E43-AF5A-99753120C9E4}.Debug|Any CPU.ActiveCfg = Debug|Any CPU
		{5C7F7939-612B-4E43-AF5A-99753120C9E4}.Debug|Any CPU.Build.0 = Debug|Any CPU
		{5C7F7939-612B-4E43-AF5A-99753120C9E4}.Release|Any CPU.ActiveCfg = Release|Any CPU
		{5C7F7939-612B-4E43-AF5A-99753120C9E4}.Release|Any CPU.Build.0 = Release|Any CPU
		{2EBAB346-C9F9-46CE-97C8-D8474F9753E5}.Debug|Any CPU.ActiveCfg = Debug|Any CPU
		{2EBAB346-C9F9-46CE-97C8-D8474F9753E5}.Debug|Any CPU.Build.0 = Debug|Any CPU
		{2EBAB346-C9F9-46CE-97C8-D8474F9753E5}.Release|Any CPU.ActiveCfg = Release|Any CPU
		{2EBAB346-C9F9-46CE-97C8-D8474F9753E5}.Release|Any CPU.Build.0 = Release|Any CPU
		{3DB81C9A-4CDF-4C53-B1A0-7117E08ED1FC}.Debug|Any CPU.ActiveCfg = Debug|Any CPU
		{3DB81C9A-4CDF-4C53-B1A0-7117E08ED1FC}.Debug|Any CPU.Build.0 = Debug|Any CPU
		{3DB81C9A-4CDF-4C53-B1A0-7117E08ED1FC}.Release|Any CPU.ActiveCfg = Release|Any CPU
		{3DB81C9A-4CDF-4C53-B1A0-7117E08ED1FC}.Release|Any CPU.Build.0 = Release|Any CPU
		{00BA3C26-28C9-4603-87F7-5CAD9672C23E}.Debug|Any CPU.ActiveCfg = Debug|Any CPU
		{00BA3C26-28C9-4603-87F7-5CAD9672C23E}.Debug|Any CPU.Build.0 = Debug|Any CPU
		{00BA3C26-28C9-4603-87F7-5CAD9672C23E}.Release|Any CPU.ActiveCfg = Release|Any CPU
		{00BA3C26-28C9-4603-87F7-5CAD9672C23E}.Release|Any CPU.Build.0 = Release|Any CPU
		{367C0482-F6CA-491F-A0BC-07E7FB69D727}.Debug|Any CPU.ActiveCfg = Debug|Any CPU
		{367C0482-F6CA-491F-A0BC-07E7FB69D727}.Debug|Any CPU.Build.0 = Debug|Any CPU
		{367C0482-F6CA-491F-A0BC-07E7FB69D727}.Release|Any CPU.ActiveCfg = Release|Any CPU
		{367C0482-F6CA-491F-A0BC-07E7FB69D727}.Release|Any CPU.Build.0 = Release|Any CPU
	EndGlobalSection
	GlobalSection(SolutionProperties) = preSolution
		HideSolutionNode = FALSE
	EndGlobalSection
	GlobalSection(NestedProjects) = preSolution
		{B74CCF44-95A4-46A0-8A5A-84283A525ADC} = {3EC59525-1D88-4251-BC33-0D94FA9C8C12}
		{FD40343E-6002-448B-BBB5-E4F5CB4A61FD} = {3EC59525-1D88-4251-BC33-0D94FA9C8C12}
		{6B168587-2F91-46C5-B92C-ED6F10BEF041} = {3EC59525-1D88-4251-BC33-0D94FA9C8C12}
		{2606CF8F-FC34-4ACE-BCE6-B5C7C5CC59D1} = {FD40343E-6002-448B-BBB5-E4F5CB4A61FD}
		{B91022DC-D24F-4A04-9F9D-2267A657BAA2} = {2606CF8F-FC34-4ACE-BCE6-B5C7C5CC59D1}
		{072B2C02-DFCB-4814-A602-0340CA3A69D7} = {6B168587-2F91-46C5-B92C-ED6F10BEF041}
		{FE5292B0-DE90-41EF-BC69-C17DC1D89024} = {072B2C02-DFCB-4814-A602-0340CA3A69D7}
		{B025E423-448D-41EC-95D5-7945F842BF97} = {B74CCF44-95A4-46A0-8A5A-84283A525ADC}
		{04F745ED-1140-4F51-8070-313E16A5DB98} = {B025E423-448D-41EC-95D5-7945F842BF97}
		{A294321D-106E-4F5E-9702-E7E68FC751B7} = {FD40343E-6002-448B-BBB5-E4F5CB4A61FD}
		{49A6F9C1-5874-47D6-B4B6-6FB510C84D0F} = {FD40343E-6002-448B-BBB5-E4F5CB4A61FD}
		{E4F4E366-588D-45A2-8704-60288918A28A} = {FD40343E-6002-448B-BBB5-E4F5CB4A61FD}
		{585A2F17-DBCB-499A-B116-7505C3D79A47} = {FD40343E-6002-448B-BBB5-E4F5CB4A61FD}
		{24705BD5-3335-41F6-A080-E0C003DDE3CC} = {FD40343E-6002-448B-BBB5-E4F5CB4A61FD}
		{E778A289-BDE5-4324-8C29-687D4B3AB0AE} = {A294321D-106E-4F5E-9702-E7E68FC751B7}
		{6315E4AC-4E99-426F-9E24-7B05F3E96906} = {49A6F9C1-5874-47D6-B4B6-6FB510C84D0F}
		{686E2009-04C2-4CCD-80E8-78DA7B968BA4} = {B74CCF44-95A4-46A0-8A5A-84283A525ADC}
		{B118C9B3-65B8-4BAA-9163-33EB73726742} = {686E2009-04C2-4CCD-80E8-78DA7B968BA4}
		{772E6D2C-0547-41EC-B473-DDF01673A927} = {B74CCF44-95A4-46A0-8A5A-84283A525ADC}
		{FAF6825F-FFB7-40F7-9F23-A55249558519} = {772E6D2C-0547-41EC-B473-DDF01673A927}
		{43EC25D3-4B35-4ED2-86EA-FCDEA0CBB4E6} = {E4F4E366-588D-45A2-8704-60288918A28A}
		{374801B1-8269-4FDA-9C7E-DB5A2E0D3942} = {585A2F17-DBCB-499A-B116-7505C3D79A47}
		{5C7F7939-612B-4E43-AF5A-99753120C9E4} = {24705BD5-3335-41F6-A080-E0C003DDE3CC}
		{F7FF59ED-383B-47D5-8753-20C70CAC2CDC} = {3EC59525-1D88-4251-BC33-0D94FA9C8C12}
		{A53D3CA9-474B-4DAC-B984-3C3B06E51D3E} = {F7FF59ED-383B-47D5-8753-20C70CAC2CDC}
		{2EBAB346-C9F9-46CE-97C8-D8474F9753E5} = {24705BD5-3335-41F6-A080-E0C003DDE3CC}
		{3DB81C9A-4CDF-4C53-B1A0-7117E08ED1FC} = {24705BD5-3335-41F6-A080-E0C003DDE3CC}
		{00BA3C26-28C9-4603-87F7-5CAD9672C23E} = {A53D3CA9-474B-4DAC-B984-3C3B06E51D3E}
		{367C0482-F6CA-491F-A0BC-07E7FB69D727} = {585A2F17-DBCB-499A-B116-7505C3D79A47}
	EndGlobalSection
	GlobalSection(ExtensibilityGlobals) = postSolution
		SolutionGuid = {BBF7A5BC-DFF4-4C2F-B1F5-4F514C9F68C0}
	EndGlobalSection
EndGlobal
